
Microsoft Visual Studio Solution File, Format Version 12.00
# Visual Studio Version 17
VisualStudioVersion = 17.3.32901.215
MinimumVisualStudioVersion = 10.0.40219.1
Project("{2150E333-8FDC-42A3-9474-1A3956D46DE8}") = "src", "src", "{168AE9DF-35DB-4B2C-9DAD-EFEDB9B7C1D7}"
EndProject
Project("{2150E333-8FDC-42A3-9474-1A3956D46DE8}") = "ApiGateways", "ApiGateways", "{09B5CF6D-7931-499C-B248-1CEED2444297}"
EndProject
Project("{2150E333-8FDC-42A3-9474-1A3956D46DE8}") = "BuildingBlocks", "BuildingBlocks", "{27322406-C96D-4964-8A99-A920CF7C4632}"
EndProject
Project("{2150E333-8FDC-42A3-9474-1A3956D46DE8}") = "Services", "Services", "{B06B1718-B5BD-4313-86FD-EC3CF1B73C2A}"
EndProject
Project("{2150E333-8FDC-42A3-9474-1A3956D46DE8}") = "Clients", "Clients", "{F0610959-C94E-4713-9930-071ACB5ED3B6}"
EndProject
Project("{2150E333-8FDC-42A3-9474-1A3956D46DE8}") = "Solution Items", "Solution Items", "{4A38A792-BAFF-4C99-8C7C-4E299250E38F}"
	ProjectSection(SolutionItems) = preProject
		ServiceUrls.txt = ServiceUrls.txt
	EndProjectSection
EndProject
Project("{2150E333-8FDC-42A3-9474-1A3956D46DE8}") = "WebApiGateway", "WebApiGateway", "{760E4D73-57A0-4398-AD83-6DB3BF5DFFBE}"
EndProject
Project("{FAE04EC0-301F-11D3-BF4B-00C04F79EFBC}") = "Web.ApiGateway", "src\apiGateways\WebApiGateway\Web.ApiGateway\Web.ApiGateway.csproj", "{2CBBAEA8-988C-4FEC-9410-94334DB63C45}"
EndProject
Project("{2150E333-8FDC-42A3-9474-1A3956D46DE8}") = "EventBus", "EventBus", "{90C30B16-97BB-49B3-9EA5-7F0BAD5E026E}"
EndProject
Project("{FAE04EC0-301F-11D3-BF4B-00C04F79EFBC}") = "EventBus.Base", "src\BuildingBlocks\EventBus\EventBus.Base\EventBus.Base.csproj", "{6A8DD93B-0C20-4EFE-B4F2-882C39FBF54E}"
EndProject
Project("{FAE04EC0-301F-11D3-BF4B-00C04F79EFBC}") = "EventBus.Factory", "src\BuildingBlocks\EventBus\EventBus.Factory\EventBus.Factory.csproj", "{9C404575-E040-4427-9718-F4212A6A0C98}"
EndProject
Project("{FAE04EC0-301F-11D3-BF4B-00C04F79EFBC}") = "EventBus.AzureServiceBus", "src\BuildingBlocks\EventBus\EventBus.AzureServiceBus\EventBus.AzureServiceBus.csproj", "{9F0DC2C3-0EF9-4210-9BC3-3F61E62FBB80}"
EndProject
Project("{FAE04EC0-301F-11D3-BF4B-00C04F79EFBC}") = "EventBus.RabbitMQ", "src\BuildingBlocks\EventBus\EventBus.RabbitMQ\EventBus.RabbitMQ.csproj", "{D7BBACBA-4DC9-476B-9BA9-A2756A807B07}"
EndProject
Project("{2150E333-8FDC-42A3-9474-1A3956D46DE8}") = "BlazorWebApp", "BlazorWebApp", "{51C9266B-AE3D-4AEB-BEAF-E4A85FB228FB}"
EndProject
Project("{FAE04EC0-301F-11D3-BF4B-00C04F79EFBC}") = "BlazorWebApp", "src\Clients\BlazorWebApp\BlazorWebApp\BlazorWebApp.csproj", "{0EACFE0C-4CF3-4692-A3D6-2999952E843A}"
EndProject
Project("{2150E333-8FDC-42A3-9474-1A3956D46DE8}") = "BasketService", "BasketService", "{134C1243-9BB6-4C07-89DE-951A61DBC344}"
EndProject
Project("{2150E333-8FDC-42A3-9474-1A3956D46DE8}") = "CatalogService", "CatalogService", "{11E15224-52E0-43F0-9700-3D6179C2A4B5}"
EndProject
Project("{2150E333-8FDC-42A3-9474-1A3956D46DE8}") = "IdentityService", "IdentityService", "{40569510-D606-4FC4-9481-63F8762EB6C7}"
EndProject
Project("{2150E333-8FDC-42A3-9474-1A3956D46DE8}") = "NotificationService", "NotificationService", "{D942A0D0-102F-48B5-A1F7-2F3F4B5D1F32}"
EndProject
Project("{2150E333-8FDC-42A3-9474-1A3956D46DE8}") = "OrderService", "OrderService", "{A011C82F-75AE-4C57-8303-343064FD833A}"
EndProject
Project("{FAE04EC0-301F-11D3-BF4B-00C04F79EFBC}") = "BasketService.Api", "src\Services\BasketService\BasketService.Api\BasketService.Api.csproj", "{AA1E12C2-EDBA-4B03-836F-A6ECFF3FD57A}"
EndProject
Project("{FAE04EC0-301F-11D3-BF4B-00C04F79EFBC}") = "CatalogService.Api", "src\Services\CatalogService\CatalogService.Api\CatalogService.Api.csproj", "{74D96570-3507-4315-9AD6-478B551AA7C9}"
EndProject
Project("{FAE04EC0-301F-11D3-BF4B-00C04F79EFBC}") = "IdentityService.Api", "src\Services\IdentityService\IdentityService.Api\IdentityService.Api.csproj", "{8DD166C0-41EA-4762-BC3F-81CE3EB00D5A}"
EndProject
Project("{FAE04EC0-301F-11D3-BF4B-00C04F79EFBC}") = "NotificationService", "src\Services\NotificationService\NotificationService\NotificationService.csproj", "{DEE90B0E-7D4D-4D41-AD23-572BFEFE0922}"
EndProject
Project("{FAE04EC0-301F-11D3-BF4B-00C04F79EFBC}") = "OrderService.Domain", "src\Services\OrderService\OrderService.Domain\OrderService.Domain.csproj", "{2C0EB4D3-DBEB-489E-8870-52F20947F836}"
EndProject
Project("{FAE04EC0-301F-11D3-BF4B-00C04F79EFBC}") = "OrderService.Application", "src\Services\OrderService\OrderService.Application\OrderService.Application.csproj", "{98C0FD1B-353E-4503-A837-2E6A3BD5AF72}"
EndProject
Project("{FAE04EC0-301F-11D3-BF4B-00C04F79EFBC}") = "OrderService.Infrastructure", "src\Services\OrderService\OrderService.Infrastructure\OrderService.Infrastructure.csproj", "{445B66E2-7C5A-4AD8-BCDE-629FB792E00C}"
EndProject
Project("{FAE04EC0-301F-11D3-BF4B-00C04F79EFBC}") = "OrderService.Api", "src\Services\OrderService\OrderService.Api\OrderService.Api.csproj", "{EF76E2C8-ADC6-40C1-A0D2-EAD51894D6E6}"
EndProject
Project("{2150E333-8FDC-42A3-9474-1A3956D46DE8}") = "PaymentService", "PaymentService", "{ED9FCF08-100F-49BC-A8CE-3EF27F2354CD}"
EndProject
Project("{FAE04EC0-301F-11D3-BF4B-00C04F79EFBC}") = "PaymentService.Api", "src\Services\PaymentService\PaymentService.Api\PaymentService.Api.csproj", "{5824DFA2-3509-4044-A61A-3C521D48C01A}"
EndProject
Global
	GlobalSection(SolutionConfigurationPlatforms) = preSolution
		Debug|Any CPU = Debug|Any CPU
		Release|Any CPU = Release|Any CPU
	EndGlobalSection
	GlobalSection(ProjectConfigurationPlatforms) = postSolution
		{2CBBAEA8-988C-4FEC-9410-94334DB63C45}.Debug|Any CPU.ActiveCfg = Debug|Any CPU
		{2CBBAEA8-988C-4FEC-9410-94334DB63C45}.Debug|Any CPU.Build.0 = Debug|Any CPU
		{2CBBAEA8-988C-4FEC-9410-94334DB63C45}.Release|Any CPU.ActiveCfg = Release|Any CPU
		{2CBBAEA8-988C-4FEC-9410-94334DB63C45}.Release|Any CPU.Build.0 = Release|Any CPU
		{6A8DD93B-0C20-4EFE-B4F2-882C39FBF54E}.Debug|Any CPU.ActiveCfg = Debug|Any CPU
		{6A8DD93B-0C20-4EFE-B4F2-882C39FBF54E}.Debug|Any CPU.Build.0 = Debug|Any CPU
		{6A8DD93B-0C20-4EFE-B4F2-882C39FBF54E}.Release|Any CPU.ActiveCfg = Release|Any CPU
		{6A8DD93B-0C20-4EFE-B4F2-882C39FBF54E}.Release|Any CPU.Build.0 = Release|Any CPU
		{9C404575-E040-4427-9718-F4212A6A0C98}.Debug|Any CPU.ActiveCfg = Debug|Any CPU
		{9C404575-E040-4427-9718-F4212A6A0C98}.Debug|Any CPU.Build.0 = Debug|Any CPU
		{9C404575-E040-4427-9718-F4212A6A0C98}.Release|Any CPU.ActiveCfg = Release|Any CPU
		{9C404575-E040-4427-9718-F4212A6A0C98}.Release|Any CPU.Build.0 = Release|Any CPU
		{9F0DC2C3-0EF9-4210-9BC3-3F61E62FBB80}.Debug|Any CPU.ActiveCfg = Debug|Any CPU
		{9F0DC2C3-0EF9-4210-9BC3-3F61E62FBB80}.Debug|Any CPU.Build.0 = Debug|Any CPU
		{9F0DC2C3-0EF9-4210-9BC3-3F61E62FBB80}.Release|Any CPU.ActiveCfg = Release|Any CPU
		{9F0DC2C3-0EF9-4210-9BC3-3F61E62FBB80}.Release|Any CPU.Build.0 = Release|Any CPU
		{D7BBACBA-4DC9-476B-9BA9-A2756A807B07}.Debug|Any CPU.ActiveCfg = Debug|Any CPU
		{D7BBACBA-4DC9-476B-9BA9-A2756A807B07}.Debug|Any CPU.Build.0 = Debug|Any CPU
		{D7BBACBA-4DC9-476B-9BA9-A2756A807B07}.Release|Any CPU.ActiveCfg = Release|Any CPU
		{D7BBACBA-4DC9-476B-9BA9-A2756A807B07}.Release|Any CPU.Build.0 = Release|Any CPU
		{0EACFE0C-4CF3-4692-A3D6-2999952E843A}.Debug|Any CPU.ActiveCfg = Debug|Any CPU
		{0EACFE0C-4CF3-4692-A3D6-2999952E843A}.Debug|Any CPU.Build.0 = Debug|Any CPU
		{0EACFE0C-4CF3-4692-A3D6-2999952E843A}.Release|Any CPU.ActiveCfg = Release|Any CPU
		{0EACFE0C-4CF3-4692-A3D6-2999952E843A}.Release|Any CPU.Build.0 = Release|Any CPU
		{AA1E12C2-EDBA-4B03-836F-A6ECFF3FD57A}.Debug|Any CPU.ActiveCfg = Debug|Any CPU
		{AA1E12C2-EDBA-4B03-836F-A6ECFF3FD57A}.Debug|Any CPU.Build.0 = Debug|Any CPU
		{AA1E12C2-EDBA-4B03-836F-A6ECFF3FD57A}.Release|Any CPU.ActiveCfg = Release|Any CPU
		{AA1E12C2-EDBA-4B03-836F-A6ECFF3FD57A}.Release|Any CPU.Build.0 = Release|Any CPU
		{74D96570-3507-4315-9AD6-478B551AA7C9}.Debug|Any CPU.ActiveCfg = Debug|Any CPU
		{74D96570-3507-4315-9AD6-478B551AA7C9}.Debug|Any CPU.Build.0 = Debug|Any CPU
		{74D96570-3507-4315-9AD6-478B551AA7C9}.Release|Any CPU.ActiveCfg = Release|Any CPU
		{74D96570-3507-4315-9AD6-478B551AA7C9}.Release|Any CPU.Build.0 = Release|Any CPU
		{8DD166C0-41EA-4762-BC3F-81CE3EB00D5A}.Debug|Any CPU.ActiveCfg = Debug|Any CPU
		{8DD166C0-41EA-4762-BC3F-81CE3EB00D5A}.Debug|Any CPU.Build.0 = Debug|Any CPU
		{8DD166C0-41EA-4762-BC3F-81CE3EB00D5A}.Release|Any CPU.ActiveCfg = Release|Any CPU
		{8DD166C0-41EA-4762-BC3F-81CE3EB00D5A}.Release|Any CPU.Build.0 = Release|Any CPU
		{DEE90B0E-7D4D-4D41-AD23-572BFEFE0922}.Debug|Any CPU.ActiveCfg = Debug|Any CPU
		{DEE90B0E-7D4D-4D41-AD23-572BFEFE0922}.Debug|Any CPU.Build.0 = Debug|Any CPU
		{DEE90B0E-7D4D-4D41-AD23-572BFEFE0922}.Release|Any CPU.ActiveCfg = Release|Any CPU
		{DEE90B0E-7D4D-4D41-AD23-572BFEFE0922}.Release|Any CPU.Build.0 = Release|Any CPU
		{2C0EB4D3-DBEB-489E-8870-52F20947F836}.Debug|Any CPU.ActiveCfg = Debug|Any CPU
		{2C0EB4D3-DBEB-489E-8870-52F20947F836}.Debug|Any CPU.Build.0 = Debug|Any CPU
		{2C0EB4D3-DBEB-489E-8870-52F20947F836}.Release|Any CPU.ActiveCfg = Release|Any CPU
		{2C0EB4D3-DBEB-489E-8870-52F20947F836}.Release|Any CPU.Build.0 = Release|Any CPU
		{98C0FD1B-353E-4503-A837-2E6A3BD5AF72}.Debug|Any CPU.ActiveCfg = Debug|Any CPU
		{98C0FD1B-353E-4503-A837-2E6A3BD5AF72}.Debug|Any CPU.Build.0 = Debug|Any CPU
		{98C0FD1B-353E-4503-A837-2E6A3BD5AF72}.Release|Any CPU.ActiveCfg = Release|Any CPU
		{98C0FD1B-353E-4503-A837-2E6A3BD5AF72}.Release|Any CPU.Build.0 = Release|Any CPU
		{445B66E2-7C5A-4AD8-BCDE-629FB792E00C}.Debug|Any CPU.ActiveCfg = Debug|Any CPU
		{445B66E2-7C5A-4AD8-BCDE-629FB792E00C}.Debug|Any CPU.Build.0 = Debug|Any CPU
		{445B66E2-7C5A-4AD8-BCDE-629FB792E00C}.Release|Any CPU.ActiveCfg = Release|Any CPU
		{445B66E2-7C5A-4AD8-BCDE-629FB792E00C}.Release|Any CPU.Build.0 = Release|Any CPU
		{EF76E2C8-ADC6-40C1-A0D2-EAD51894D6E6}.Debug|Any CPU.ActiveCfg = Debug|Any CPU
		{EF76E2C8-ADC6-40C1-A0D2-EAD51894D6E6}.Debug|Any CPU.Build.0 = Debug|Any CPU
		{EF76E2C8-ADC6-40C1-A0D2-EAD51894D6E6}.Release|Any CPU.ActiveCfg = Release|Any CPU
		{EF76E2C8-ADC6-40C1-A0D2-EAD51894D6E6}.Release|Any CPU.Build.0 = Release|Any CPU
		{5824DFA2-3509-4044-A61A-3C521D48C01A}.Debug|Any CPU.ActiveCfg = Debug|Any CPU
		{5824DFA2-3509-4044-A61A-3C521D48C01A}.Debug|Any CPU.Build.0 = Debug|Any CPU
		{5824DFA2-3509-4044-A61A-3C521D48C01A}.Release|Any CPU.ActiveCfg = Release|Any CPU
		{5824DFA2-3509-4044-A61A-3C521D48C01A}.Release|Any CPU.Build.0 = Release|Any CPU
	EndGlobalSection
	GlobalSection(SolutionProperties) = preSolution
		HideSolutionNode = FALSE
	EndGlobalSection
	GlobalSection(NestedProjects) = preSolution
		{09B5CF6D-7931-499C-B248-1CEED2444297} = {168AE9DF-35DB-4B2C-9DAD-EFEDB9B7C1D7}
		{27322406-C96D-4964-8A99-A920CF7C4632} = {168AE9DF-35DB-4B2C-9DAD-EFEDB9B7C1D7}
		{B06B1718-B5BD-4313-86FD-EC3CF1B73C2A} = {168AE9DF-35DB-4B2C-9DAD-EFEDB9B7C1D7}
		{F0610959-C94E-4713-9930-071ACB5ED3B6} = {168AE9DF-35DB-4B2C-9DAD-EFEDB9B7C1D7}
		{760E4D73-57A0-4398-AD83-6DB3BF5DFFBE} = {09B5CF6D-7931-499C-B248-1CEED2444297}
		{2CBBAEA8-988C-4FEC-9410-94334DB63C45} = {760E4D73-57A0-4398-AD83-6DB3BF5DFFBE}
		{90C30B16-97BB-49B3-9EA5-7F0BAD5E026E} = {27322406-C96D-4964-8A99-A920CF7C4632}
		{6A8DD93B-0C20-4EFE-B4F2-882C39FBF54E} = {90C30B16-97BB-49B3-9EA5-7F0BAD5E026E}
		{9C404575-E040-4427-9718-F4212A6A0C98} = {90C30B16-97BB-49B3-9EA5-7F0BAD5E026E}
		{9F0DC2C3-0EF9-4210-9BC3-3F61E62FBB80} = {90C30B16-97BB-49B3-9EA5-7F0BAD5E026E}
		{D7BBACBA-4DC9-476B-9BA9-A2756A807B07} = {90C30B16-97BB-49B3-9EA5-7F0BAD5E026E}
		{51C9266B-AE3D-4AEB-BEAF-E4A85FB228FB} = {F0610959-C94E-4713-9930-071ACB5ED3B6}
		{0EACFE0C-4CF3-4692-A3D6-2999952E843A} = {51C9266B-AE3D-4AEB-BEAF-E4A85FB228FB}
		{134C1243-9BB6-4C07-89DE-951A61DBC344} = {B06B1718-B5BD-4313-86FD-EC3CF1B73C2A}
		{11E15224-52E0-43F0-9700-3D6179C2A4B5} = {B06B1718-B5BD-4313-86FD-EC3CF1B73C2A}
		{40569510-D606-4FC4-9481-63F8762EB6C7} = {B06B1718-B5BD-4313-86FD-EC3CF1B73C2A}
		{D942A0D0-102F-48B5-A1F7-2F3F4B5D1F32} = {B06B1718-B5BD-4313-86FD-EC3CF1B73C2A}
		{A011C82F-75AE-4C57-8303-343064FD833A} = {B06B1718-B5BD-4313-86FD-EC3CF1B73C2A}
		{AA1E12C2-EDBA-4B03-836F-A6ECFF3FD57A} = {134C1243-9BB6-4C07-89DE-951A61DBC344}
		{74D96570-3507-4315-9AD6-478B551AA7C9} = {11E15224-52E0-43F0-9700-3D6179C2A4B5}
		{8DD166C0-41EA-4762-BC3F-81CE3EB00D5A} = {40569510-D606-4FC4-9481-63F8762EB6C7}
		{DEE90B0E-7D4D-4D41-AD23-572BFEFE0922} = {D942A0D0-102F-48B5-A1F7-2F3F4B5D1F32}
		{2C0EB4D3-DBEB-489E-8870-52F20947F836} = {A011C82F-75AE-4C57-8303-343064FD833A}
		{98C0FD1B-353E-4503-A837-2E6A3BD5AF72} = {A011C82F-75AE-4C57-8303-343064FD833A}
		{445B66E2-7C5A-4AD8-BCDE-629FB792E00C} = {A011C82F-75AE-4C57-8303-343064FD833A}
		{EF76E2C8-ADC6-40C1-A0D2-EAD51894D6E6} = {A011C82F-75AE-4C57-8303-343064FD833A}
		{ED9FCF08-100F-49BC-A8CE-3EF27F2354CD} = {B06B1718-B5BD-4313-86FD-EC3CF1B73C2A}
		{5824DFA2-3509-4044-A61A-3C521D48C01A} = {ED9FCF08-100F-49BC-A8CE-3EF27F2354CD}
	EndGlobalSection
	GlobalSection(ExtensibilityGlobals) = postSolution
		SolutionGuid = {48188794-CAB8-4C89-AB73-874B7B4B7A30}
	EndGlobalSection
EndGlobal
